
Microsoft Visual Studio Solution File, Format Version 12.00
# Visual Studio Version 18
VisualStudioVersion = 18.0.11205.157 d18.0
MinimumVisualStudioVersion = 10.0.40219.1
Project("{FAE04EC0-301F-11D3-BF4B-00C04F79EFBC}") = "PathfinderPhotography", "PathfinderPhotography.csproj", "{27A8DA46-5BBD-4FAD-93BF-9640D729F069}"
EndProject
Project("{FAE04EC0-301F-11D3-BF4B-00C04F79EFBC}") = "PathfinderPhotography.AppHost", "PathfinderPhotography.AppHost\PathfinderPhotography.AppHost.csproj", "{B62814D1-3113-4687-877F-66A6A746E32B}"
EndProject
Project("{FAE04EC0-301F-11D3-BF4B-00C04F79EFBC}") = "PathfinderPhotography.ServiceDefaults", "PathfinderPhotography.ServiceDefaults\PathfinderPhotography.ServiceDefaults.csproj", "{E4155DBF-D730-46DB-950F-750F7010CB0A}"
EndProject
Project("{2150E333-8FDC-42A3-9474-1A3956D46DE8}") = "SolutionFiles", "SolutionFiles", "{02EA681E-C7D8-13C7-8484-4AC65E1B71E8}"
EndProject
Project("{2150E333-8FDC-42A3-9474-1A3956D46DE8}") = ".github", ".github", "{1EDF97D4-3F7B-4C88-B78D-80F40D6A4A8C}"
	ProjectSection(SolutionItems) = preProject
		.github\CONTAINER_IMAGES.md = .github\CONTAINER_IMAGES.md
		.github\copilot-instructions.md = .github\copilot-instructions.md
		.github\FUNDING.yml = .github\FUNDING.yml
		.github\PULL_REQUEST_TEMPLATE.md = .github\PULL_REQUEST_TEMPLATE.md
		.github\README.md = .github\README.md
		.github\SECURITY.md = .github\SECURITY.md
	EndProjectSection
EndProject
Project("{2150E333-8FDC-42A3-9474-1A3956D46DE8}") = "IssueTemplates", "IssueTemplates", "{365360C0-8ED1-4933-A6C7-3BA0A895A165}"
	ProjectSection(SolutionItems) = preProject
		.github\ISSUE_TEMPLATE\bug_report.yml = .github\ISSUE_TEMPLATE\bug_report.yml
		.github\ISSUE_TEMPLATE\config.yml = .github\ISSUE_TEMPLATE\config.yml
		.github\ISSUE_TEMPLATE\documentation.yml = .github\ISSUE_TEMPLATE\documentation.yml
		.github\ISSUE_TEMPLATE\feature_request.yml = .github\ISSUE_TEMPLATE\feature_request.yml
	EndProjectSection
EndProject
Project("{2150E333-8FDC-42A3-9474-1A3956D46DE8}") = "workflows", "workflows", "{DF477BFB-9D5A-4E55-93A8-364FB1E2FC63}"
	ProjectSection(SolutionItems) = preProject
		.github\workflows\deploy-bare-metal.yml = .github\workflows\deploy-bare-metal.yml
	EndProjectSection
EndProject
Global
	GlobalSection(SolutionConfigurationPlatforms) = preSolution
		Debug|Any CPU = Debug|Any CPU
		Debug|x64 = Debug|x64
		Debug|x86 = Debug|x86
		Release|Any CPU = Release|Any CPU
		Release|x64 = Release|x64
		Release|x86 = Release|x86
	EndGlobalSection
	GlobalSection(ProjectConfigurationPlatforms) = postSolution
		{27A8DA46-5BBD-4FAD-93BF-9640D729F069}.Debug|Any CPU.ActiveCfg = Debug|Any CPU
		{27A8DA46-5BBD-4FAD-93BF-9640D729F069}.Debug|Any CPU.Build.0 = Debug|Any CPU
		{27A8DA46-5BBD-4FAD-93BF-9640D729F069}.Debug|x64.ActiveCfg = Debug|Any CPU
		{27A8DA46-5BBD-4FAD-93BF-9640D729F069}.Debug|x64.Build.0 = Debug|Any CPU
		{27A8DA46-5BBD-4FAD-93BF-9640D729F069}.Debug|x86.ActiveCfg = Debug|Any CPU
		{27A8DA46-5BBD-4FAD-93BF-9640D729F069}.Debug|x86.Build.0 = Debug|Any CPU
		{27A8DA46-5BBD-4FAD-93BF-9640D729F069}.Release|Any CPU.ActiveCfg = Release|Any CPU
		{27A8DA46-5BBD-4FAD-93BF-9640D729F069}.Release|Any CPU.Build.0 = Release|Any CPU
		{27A8DA46-5BBD-4FAD-93BF-9640D729F069}.Release|x64.ActiveCfg = Release|Any CPU
		{27A8DA46-5BBD-4FAD-93BF-9640D729F069}.Release|x64.Build.0 = Release|Any CPU
		{27A8DA46-5BBD-4FAD-93BF-9640D729F069}.Release|x86.ActiveCfg = Release|Any CPU
		{27A8DA46-5BBD-4FAD-93BF-9640D729F069}.Release|x86.Build.0 = Release|Any CPU
		{B62814D1-3113-4687-877F-66A6A746E32B}.Debug|Any CPU.ActiveCfg = Debug|Any CPU
		{B62814D1-3113-4687-877F-66A6A746E32B}.Debug|Any CPU.Build.0 = Debug|Any CPU
		{B62814D1-3113-4687-877F-66A6A746E32B}.Debug|x64.ActiveCfg = Debug|Any CPU
		{B62814D1-3113-4687-877F-66A6A746E32B}.Debug|x64.Build.0 = Debug|Any CPU
		{B62814D1-3113-4687-877F-66A6A746E32B}.Debug|x86.ActiveCfg = Debug|Any CPU
		{B62814D1-3113-4687-877F-66A6A746E32B}.Debug|x86.Build.0 = Debug|Any CPU
		{B62814D1-3113-4687-877F-66A6A746E32B}.Release|Any CPU.ActiveCfg = Release|Any CPU
		{B62814D1-3113-4687-877F-66A6A746E32B}.Release|Any CPU.Build.0 = Release|Any CPU
		{B62814D1-3113-4687-877F-66A6A746E32B}.Release|x64.ActiveCfg = Release|Any CPU
		{B62814D1-3113-4687-877F-66A6A746E32B}.Release|x64.Build.0 = Release|Any CPU
		{B62814D1-3113-4687-877F-66A6A746E32B}.Release|x86.ActiveCfg = Release|Any CPU
		{B62814D1-3113-4687-877F-66A6A746E32B}.Release|x86.Build.0 = Release|Any CPU
		{E4155DBF-D730-46DB-950F-750F7010CB0A}.Debug|Any CPU.ActiveCfg = Debug|Any CPU
		{E4155DBF-D730-46DB-950F-750F7010CB0A}.Debug|Any CPU.Build.0 = Debug|Any CPU
		{E4155DBF-D730-46DB-950F-750F7010CB0A}.Debug|x64.ActiveCfg = Debug|Any CPU
		{E4155DBF-D730-46DB-950F-750F7010CB0A}.Debug|x64.Build.0 = Debug|Any CPU
		{E4155DBF-D730-46DB-950F-750F7010CB0A}.Debug|x86.ActiveCfg = Debug|Any CPU
		{E4155DBF-D730-46DB-950F-750F7010CB0A}.Debug|x86.Build.0 = Debug|Any CPU
		{E4155DBF-D730-46DB-950F-750F7010CB0A}.Release|Any CPU.ActiveCfg = Release|Any CPU
		{E4155DBF-D730-46DB-950F-750F7010CB0A}.Release|Any CPU.Build.0 = Release|Any CPU
		{E4155DBF-D730-46DB-950F-750F7010CB0A}.Release|x64.ActiveCfg = Release|Any CPU
		{E4155DBF-D730-46DB-950F-750F7010CB0A}.Release|x64.Build.0 = Release|Any CPU
		{E4155DBF-D730-46DB-950F-750F7010CB0A}.Release|x86.ActiveCfg = Release|Any CPU
		{E4155DBF-D730-46DB-950F-750F7010CB0A}.Release|x86.Build.0 = Release|Any CPU
	EndGlobalSection
	GlobalSection(SolutionProperties) = preSolution
		HideSolutionNode = FALSE
	EndGlobalSection
	GlobalSection(NestedProjects) = preSolution
		{1EDF97D4-3F7B-4C88-B78D-80F40D6A4A8C} = {02EA681E-C7D8-13C7-8484-4AC65E1B71E8}
		{365360C0-8ED1-4933-A6C7-3BA0A895A165} = {1EDF97D4-3F7B-4C88-B78D-80F40D6A4A8C}
		{DF477BFB-9D5A-4E55-93A8-364FB1E2FC63} = {1EDF97D4-3F7B-4C88-B78D-80F40D6A4A8C}
	EndGlobalSection
	GlobalSection(ExtensibilityGlobals) = postSolution
		SolutionGuid = {BA556C42-3CF4-43D9-8ABE-3551512C551D}
	EndGlobalSection
EndGlobal
